
Microsoft Visual Studio Solution File, Format Version 12.00
# Visual Studio Version 17
VisualStudioVersion = 17.9.34701.34
MinimumVisualStudioVersion = 10.0.40219.1
Project("{9A19103F-16F7-4668-BE54-9A1E7A4F7556}") = "WebAppShares", "WebAppShares\WebAppShares.csproj", "{D434D32C-92F2-4FDB-B5DB-447F957186B4}"
EndProject
Project("{9A19103F-16F7-4668-BE54-9A1E7A4F7556}") = "TestWeb", "TestWeb\TestWeb.csproj", "{1BC32CBF-E614-4735-9BB6-77F7D13BF3D8}"
EndProject
Global
	GlobalSection(SolutionConfigurationPlatforms) = preSolution
		Debug|Any CPU = Debug|Any CPU
		Release|Any CPU = Release|Any CPU
	EndGlobalSection
	GlobalSection(ProjectConfigurationPlatforms) = postSolution
		{D434D32C-92F2-4FDB-B5DB-447F957186B4}.Debug|Any CPU.ActiveCfg = Debug|Any CPU
		{D434D32C-92F2-4FDB-B5DB-447F957186B4}.Debug|Any CPU.Build.0 = Debug|Any CPU
		{D434D32C-92F2-4FDB-B5DB-447F957186B4}.Release|Any CPU.ActiveCfg = Release|Any CPU
		{D434D32C-92F2-4FDB-B5DB-447F957186B4}.Release|Any CPU.Build.0 = Release|Any CPU
		{1BC32CBF-E614-4735-9BB6-77F7D13BF3D8}.Debug|Any CPU.ActiveCfg = Debug|Any CPU
		{1BC32CBF-E614-4735-9BB6-77F7D13BF3D8}.Debug|Any CPU.Build.0 = Debug|Any CPU
		{1BC32CBF-E614-4735-9BB6-77F7D13BF3D8}.Release|Any CPU.ActiveCfg = Release|Any CPU
		{1BC32CBF-E614-4735-9BB6-77F7D13BF3D8}.Release|Any CPU.Build.0 = Release|Any CPU
	EndGlobalSection
	GlobalSection(SolutionProperties) = preSolution
		HideSolutionNode = FALSE
	EndGlobalSection
	GlobalSection(ExtensibilityGlobals) = postSolution
		SolutionGuid = {61A4D852-344C-41B4-9F99-434771AAFE51}
	EndGlobalSection
EndGlobal
